// !$*UTF8*$!
{
	archiveVersion = 1;
	classes = {
	};
	objectVersion = 50;
	objects = {

/* Begin PBXBuildFile section */
		6447A7F225BCB7FF00D84ABA /* AppDelegate.swift in Sources */ = {isa = PBXBuildFile; fileRef = 6447A7F125BCB7FF00D84ABA /* AppDelegate.swift */; };
		6447A7F425BCB7FF00D84ABA /* SceneDelegate.swift in Sources */ = {isa = PBXBuildFile; fileRef = 6447A7F325BCB7FF00D84ABA /* SceneDelegate.swift */; };
		6447A7F625BCB7FF00D84ABA /* ContentView.swift in Sources */ = {isa = PBXBuildFile; fileRef = 6447A7F525BCB7FF00D84ABA /* ContentView.swift */; };
		6447A7F825BCB80400D84ABA /* Assets.xcassets in Resources */ = {isa = PBXBuildFile; fileRef = 6447A7F725BCB80400D84ABA /* Assets.xcassets */; };
		6447A7FB25BCB80400D84ABA /* Preview Assets.xcassets in Resources */ = {isa = PBXBuildFile; fileRef = 6447A7FA25BCB80400D84ABA /* Preview Assets.xcassets */; };
		6447A7FE25BCB80400D84ABA /* LaunchScreen.storyboard in Resources */ = {isa = PBXBuildFile; fileRef = 6447A7FC25BCB80400D84ABA /* LaunchScreen.storyboard */; };
		6447A80925BCB80500D84ABA /* ACSTests.swift in Sources */ = {isa = PBXBuildFile; fileRef = 6447A80825BCB80500D84ABA /* ACSTests.swift */; };
		6447A81425BCB80600D84ABA /* ACSUITests.swift in Sources */ = {isa = PBXBuildFile; fileRef = 6447A81325BCB80600D84ABA /* ACSUITests.swift */; };
/* End PBXBuildFile section */

/* Begin PBXContainerItemProxy section */
		6447A80525BCB80500D84ABA /* PBXContainerItemProxy */ = {
			isa = PBXContainerItemProxy;
			containerPortal = 6447A7E625BCB7FF00D84ABA /* Project object */;
			proxyType = 1;
			remoteGlobalIDString = 6447A7ED25BCB7FF00D84ABA;
			remoteInfo = ACS;
		};
		6447A81025BCB80600D84ABA /* PBXContainerItemProxy */ = {
			isa = PBXContainerItemProxy;
			containerPortal = 6447A7E625BCB7FF00D84ABA /* Project object */;
			proxyType = 1;
			remoteGlobalIDString = 6447A7ED25BCB7FF00D84ABA;
			remoteInfo = ACS;
		};
/* End PBXContainerItemProxy section */

/* Begin PBXFileReference section */
		6447A7EE25BCB7FF00D84ABA /* ACS.app */ = {isa = PBXFileReference; explicitFileType = wrapper.application; includeInIndex = 0; path = ACS.app; sourceTree = BUILT_PRODUCTS_DIR; };
		6447A7F125BCB7FF00D84ABA /* AppDelegate.swift */ = {isa = PBXFileReference; lastKnownFileType = sourcecode.swift; path = AppDelegate.swift; sourceTree = "<group>"; };
		6447A7F325BCB7FF00D84ABA /* SceneDelegate.swift */ = {isa = PBXFileReference; lastKnownFileType = sourcecode.swift; path = SceneDelegate.swift; sourceTree = "<group>"; };
		6447A7F525BCB7FF00D84ABA /* ContentView.swift */ = {isa = PBXFileReference; lastKnownFileType = sourcecode.swift; path = ContentView.swift; sourceTree = "<group>"; };
		6447A7F725BCB80400D84ABA /* Assets.xcassets */ = {isa = PBXFileReference; lastKnownFileType = folder.assetcatalog; path = Assets.xcassets; sourceTree = "<group>"; };
		6447A7FA25BCB80400D84ABA /* Preview Assets.xcassets */ = {isa = PBXFileReference; lastKnownFileType = folder.assetcatalog; path = "Preview Assets.xcassets"; sourceTree = "<group>"; };
		6447A7FD25BCB80400D84ABA /* Base */ = {isa = PBXFileReference; lastKnownFileType = file.storyboard; name = Base; path = Base.lproj/LaunchScreen.storyboard; sourceTree = "<group>"; };
		6447A7FF25BCB80400D84ABA /* Info.plist */ = {isa = PBXFileReference; lastKnownFileType = text.plist.xml; path = Info.plist; sourceTree = "<group>"; };
		6447A80425BCB80500D84ABA /* ACSTests.xctest */ = {isa = PBXFileReference; explicitFileType = wrapper.cfbundle; includeInIndex = 0; path = ACSTests.xctest; sourceTree = BUILT_PRODUCTS_DIR; };
		6447A80825BCB80500D84ABA /* ACSTests.swift */ = {isa = PBXFileReference; lastKnownFileType = sourcecode.swift; path = ACSTests.swift; sourceTree = "<group>"; };
		6447A80A25BCB80500D84ABA /* Info.plist */ = {isa = PBXFileReference; lastKnownFileType = text.plist.xml; path = Info.plist; sourceTree = "<group>"; };
		6447A80F25BCB80600D84ABA /* ACSUITests.xctest */ = {isa = PBXFileReference; explicitFileType = wrapper.cfbundle; includeInIndex = 0; path = ACSUITests.xctest; sourceTree = BUILT_PRODUCTS_DIR; };
		6447A81325BCB80600D84ABA /* ACSUITests.swift */ = {isa = PBXFileReference; lastKnownFileType = sourcecode.swift; path = ACSUITests.swift; sourceTree = "<group>"; };
		6447A81525BCB80600D84ABA /* Info.plist */ = {isa = PBXFileReference; lastKnownFileType = text.plist.xml; path = Info.plist; sourceTree = "<group>"; };
/* End PBXFileReference section */

/* Begin PBXFrameworksBuildPhase section */
		6447A7EB25BCB7FF00D84ABA /* Frameworks */ = {
			isa = PBXFrameworksBuildPhase;
			buildActionMask = 2147483647;
			files = (
			);
			runOnlyForDeploymentPostprocessing = 0;
		};
		6447A80125BCB80500D84ABA /* Frameworks */ = {
			isa = PBXFrameworksBuildPhase;
			buildActionMask = 2147483647;
			files = (
			);
			runOnlyForDeploymentPostprocessing = 0;
		};
		6447A80C25BCB80600D84ABA /* Frameworks */ = {
			isa = PBXFrameworksBuildPhase;
			buildActionMask = 2147483647;
			files = (
			);
			runOnlyForDeploymentPostprocessing = 0;
		};
/* End PBXFrameworksBuildPhase section */

/* Begin PBXGroup section */
		6447A7E525BCB7FF00D84ABA = {
			isa = PBXGroup;
			children = (
				6447A7F025BCB7FF00D84ABA /* ACS */,
				6447A80725BCB80500D84ABA /* ACSTests */,
				6447A81225BCB80600D84ABA /* ACSUITests */,
				6447A7EF25BCB7FF00D84ABA /* Products */,
			);
			sourceTree = "<group>";
		};
		6447A7EF25BCB7FF00D84ABA /* Products */ = {
			isa = PBXGroup;
			children = (
				6447A7EE25BCB7FF00D84ABA /* ACS.app */,
				6447A80425BCB80500D84ABA /* ACSTests.xctest */,
				6447A80F25BCB80600D84ABA /* ACSUITests.xctest */,
			);
			name = Products;
			sourceTree = "<group>";
		};
		6447A7F025BCB7FF00D84ABA /* ACS */ = {
			isa = PBXGroup;
			children = (
				6447A7F125BCB7FF00D84ABA /* AppDelegate.swift */,
				6447A7F325BCB7FF00D84ABA /* SceneDelegate.swift */,
				6447A7F525BCB7FF00D84ABA /* ContentView.swift */,
				6447A7F725BCB80400D84ABA /* Assets.xcassets */,
				6447A7FC25BCB80400D84ABA /* LaunchScreen.storyboard */,
				6447A7FF25BCB80400D84ABA /* Info.plist */,
				6447A7F925BCB80400D84ABA /* Preview Content */,
			);
			path = ACS;
			sourceTree = "<group>";
		};
		6447A7F925BCB80400D84ABA /* Preview Content */ = {
			isa = PBXGroup;
			children = (
				6447A7FA25BCB80400D84ABA /* Preview Assets.xcassets */,
			);
			path = "Preview Content";
			sourceTree = "<group>";
		};
		6447A80725BCB80500D84ABA /* ACSTests */ = {
			isa = PBXGroup;
			children = (
				6447A80825BCB80500D84ABA /* ACSTests.swift */,
				6447A80A25BCB80500D84ABA /* Info.plist */,
			);
			path = ACSTests;
			sourceTree = "<group>";
		};
		6447A81225BCB80600D84ABA /* ACSUITests */ = {
			isa = PBXGroup;
			children = (
				6447A81325BCB80600D84ABA /* ACSUITests.swift */,
				6447A81525BCB80600D84ABA /* Info.plist */,
			);
			path = ACSUITests;
			sourceTree = "<group>";
		};
/* End PBXGroup section */

/* Begin PBXNativeTarget section */
		6447A7ED25BCB7FF00D84ABA /* ACS */ = {
			isa = PBXNativeTarget;
			buildConfigurationList = 6447A81825BCB80600D84ABA /* Build configuration list for PBXNativeTarget "ACS" */;
			buildPhases = (
				6447A7EA25BCB7FF00D84ABA /* Sources */,
				6447A7EB25BCB7FF00D84ABA /* Frameworks */,
				6447A7EC25BCB7FF00D84ABA /* Resources */,
			);
			buildRules = (
			);
			dependencies = (
			);
			name = ACS;
			productName = ACS;
			productReference = 6447A7EE25BCB7FF00D84ABA /* ACS.app */;
			productType = "com.apple.product-type.application";
		};
		6447A80325BCB80500D84ABA /* ACSTests */ = {
			isa = PBXNativeTarget;
			buildConfigurationList = 6447A81B25BCB80600D84ABA /* Build configuration list for PBXNativeTarget "ACSTests" */;
			buildPhases = (
				6447A80025BCB80500D84ABA /* Sources */,
				6447A80125BCB80500D84ABA /* Frameworks */,
				6447A80225BCB80500D84ABA /* Resources */,
			);
			buildRules = (
			);
			dependencies = (
				6447A80625BCB80500D84ABA /* PBXTargetDependency */,
			);
			name = ACSTests;
			productName = ACSTests;
			productReference = 6447A80425BCB80500D84ABA /* ACSTests.xctest */;
			productType = "com.apple.product-type.bundle.unit-test";
		};
		6447A80E25BCB80600D84ABA /* ACSUITests */ = {
			isa = PBXNativeTarget;
			buildConfigurationList = 6447A81E25BCB80600D84ABA /* Build configuration list for PBXNativeTarget "ACSUITests" */;
			buildPhases = (
				6447A80B25BCB80600D84ABA /* Sources */,
				6447A80C25BCB80600D84ABA /* Frameworks */,
				6447A80D25BCB80600D84ABA /* Resources */,
			);
			buildRules = (
			);
			dependencies = (
				6447A81125BCB80600D84ABA /* PBXTargetDependency */,
			);
			name = ACSUITests;
			productName = ACSUITests;
			productReference = 6447A80F25BCB80600D84ABA /* ACSUITests.xctest */;
			productType = "com.apple.product-type.bundle.ui-testing";
		};
/* End PBXNativeTarget section */

/* Begin PBXProject section */
		6447A7E625BCB7FF00D84ABA /* Project object */ = {
			isa = PBXProject;
			attributes = {
				LastSwiftUpdateCheck = 1160;
				LastUpgradeCheck = 1160;
				TargetAttributes = {
					6447A7ED25BCB7FF00D84ABA = {
						CreatedOnToolsVersion = 11.6;
					};
					6447A80325BCB80500D84ABA = {
						CreatedOnToolsVersion = 11.6;
						TestTargetID = 6447A7ED25BCB7FF00D84ABA;
					};
					6447A80E25BCB80600D84ABA = {
						CreatedOnToolsVersion = 11.6;
						TestTargetID = 6447A7ED25BCB7FF00D84ABA;
					};
				};
			};
			buildConfigurationList = 6447A7E925BCB7FF00D84ABA /* Build configuration list for PBXProject "ACS" */;
			compatibilityVersion = "Xcode 9.3";
			developmentRegion = en;
			hasScannedForEncodings = 0;
			knownRegions = (
				en,
				Base,
			);
			mainGroup = 6447A7E525BCB7FF00D84ABA;
			productRefGroup = 6447A7EF25BCB7FF00D84ABA /* Products */;
			projectDirPath = "";
			projectRoot = "";
			targets = (
				6447A7ED25BCB7FF00D84ABA /* ACS */,
				6447A80325BCB80500D84ABA /* ACSTests */,
				6447A80E25BCB80600D84ABA /* ACSUITests */,
			);
		};
/* End PBXProject section */

/* Begin PBXResourcesBuildPhase section */
		6447A7EC25BCB7FF00D84ABA /* Resources */ = {
			isa = PBXResourcesBuildPhase;
			buildActionMask = 2147483647;
			files = (
				6447A7FE25BCB80400D84ABA /* LaunchScreen.storyboard in Resources */,
				6447A7FB25BCB80400D84ABA /* Preview Assets.xcassets in Resources */,
				6447A7F825BCB80400D84ABA /* Assets.xcassets in Resources */,
			);
			runOnlyForDeploymentPostprocessing = 0;
		};
		6447A80225BCB80500D84ABA /* Resources */ = {
			isa = PBXResourcesBuildPhase;
			buildActionMask = 2147483647;
			files = (
			);
			runOnlyForDeploymentPostprocessing = 0;
		};
		6447A80D25BCB80600D84ABA /* Resources */ = {
			isa = PBXResourcesBuildPhase;
			buildActionMask = 2147483647;
			files = (
			);
			runOnlyForDeploymentPostprocessing = 0;
		};
/* End PBXResourcesBuildPhase section */

/* Begin PBXSourcesBuildPhase section */
		6447A7EA25BCB7FF00D84ABA /* Sources */ = {
			isa = PBXSourcesBuildPhase;
			buildActionMask = 2147483647;
			files = (
				6447A7F225BCB7FF00D84ABA /* AppDelegate.swift in Sources */,
				6447A7F425BCB7FF00D84ABA /* SceneDelegate.swift in Sources */,
				6447A7F625BCB7FF00D84ABA /* ContentView.swift in Sources */,
			);
			runOnlyForDeploymentPostprocessing = 0;
		};
		6447A80025BCB80500D84ABA /* Sources */ = {
			isa = PBXSourcesBuildPhase;
			buildActionMask = 2147483647;
			files = (
				6447A80925BCB80500D84ABA /* ACSTests.swift in Sources */,
			);
			runOnlyForDeploymentPostprocessing = 0;
		};
		6447A80B25BCB80600D84ABA /* Sources */ = {
			isa = PBXSourcesBuildPhase;
			buildActionMask = 2147483647;
			files = (
				6447A81425BCB80600D84ABA /* ACSUITests.swift in Sources */,
			);
			runOnlyForDeploymentPostprocessing = 0;
		};
/* End PBXSourcesBuildPhase section */

/* Begin PBXTargetDependency section */
		6447A80625BCB80500D84ABA /* PBXTargetDependency */ = {
			isa = PBXTargetDependency;
			target = 6447A7ED25BCB7FF00D84ABA /* ACS */;
			targetProxy = 6447A80525BCB80500D84ABA /* PBXContainerItemProxy */;
		};
		6447A81125BCB80600D84ABA /* PBXTargetDependency */ = {
			isa = PBXTargetDependency;
			target = 6447A7ED25BCB7FF00D84ABA /* ACS */;
			targetProxy = 6447A81025BCB80600D84ABA /* PBXContainerItemProxy */;
		};
/* End PBXTargetDependency section */

/* Begin PBXVariantGroup section */
		6447A7FC25BCB80400D84ABA /* LaunchScreen.storyboard */ = {
			isa = PBXVariantGroup;
			children = (
				6447A7FD25BCB80400D84ABA /* Base */,
			);
			name = LaunchScreen.storyboard;
			sourceTree = "<group>";
		};
/* End PBXVariantGroup section */

/* Begin XCBuildConfiguration section */
		6447A81625BCB80600D84ABA /* Debug */ = {
			isa = XCBuildConfiguration;
			buildSettings = {
				ALWAYS_SEARCH_USER_PATHS = NO;
				CLANG_ANALYZER_NONNULL = YES;
				CLANG_ANALYZER_NUMBER_OBJECT_CONVERSION = YES_AGGRESSIVE;
				CLANG_CXX_LANGUAGE_STANDARD = "gnu++14";
				CLANG_CXX_LIBRARY = "libc++";
				CLANG_ENABLE_MODULES = YES;
				CLANG_ENABLE_OBJC_ARC = YES;
				CLANG_ENABLE_OBJC_WEAK = YES;
				CLANG_WARN_BLOCK_CAPTURE_AUTORELEASING = YES;
				CLANG_WARN_BOOL_CONVERSION = YES;
				CLANG_WARN_COMMA = YES;
				CLANG_WARN_CONSTANT_CONVERSION = YES;
				CLANG_WARN_DEPRECATED_OBJC_IMPLEMENTATIONS = YES;
				CLANG_WARN_DIRECT_OBJC_ISA_USAGE = YES_ERROR;
				CLANG_WARN_DOCUMENTATION_COMMENTS = YES;
				CLANG_WARN_EMPTY_BODY = YES;
				CLANG_WARN_ENUM_CONVERSION = YES;
				CLANG_WARN_INFINITE_RECURSION = YES;
				CLANG_WARN_INT_CONVERSION = YES;
				CLANG_WARN_NON_LITERAL_NULL_CONVERSION = YES;
				CLANG_WARN_OBJC_IMPLICIT_RETAIN_SELF = YES;
				CLANG_WARN_OBJC_LITERAL_CONVERSION = YES;
				CLANG_WARN_OBJC_ROOT_CLASS = YES_ERROR;
				CLANG_WARN_RANGE_LOOP_ANALYSIS = YES;
				CLANG_WARN_STRICT_PROTOTYPES = YES;
				CLANG_WARN_SUSPICIOUS_MOVE = YES;
				CLANG_WARN_UNGUARDED_AVAILABILITY = YES_AGGRESSIVE;
				CLANG_WARN_UNREACHABLE_CODE = YES;
				CLANG_WARN__DUPLICATE_METHOD_MATCH = YES;
				COPY_PHASE_STRIP = NO;
				DEBUG_INFORMATION_FORMAT = dwarf;
				ENABLE_STRICT_OBJC_MSGSEND = YES;
				ENABLE_TESTABILITY = YES;
				GCC_C_LANGUAGE_STANDARD = gnu11;
				GCC_DYNAMIC_NO_PIC = NO;
				GCC_NO_COMMON_BLOCKS = YES;
				GCC_OPTIMIZATION_LEVEL = 0;
				GCC_PREPROCESSOR_DEFINITIONS = (
					"DEBUG=1",
					"$(inherited)",
				);
				GCC_WARN_64_TO_32_BIT_CONVERSION = YES;
				GCC_WARN_ABOUT_RETURN_TYPE = YES_ERROR;
				GCC_WARN_UNDECLARED_SELECTOR = YES;
				GCC_WARN_UNINITIALIZED_AUTOS = YES_AGGRESSIVE;
				GCC_WARN_UNUSED_FUNCTION = YES;
				GCC_WARN_UNUSED_VARIABLE = YES;
				IPHONEOS_DEPLOYMENT_TARGET = 13.6;
				MTL_ENABLE_DEBUG_INFO = INCLUDE_SOURCE;
				MTL_FAST_MATH = YES;
				ONLY_ACTIVE_ARCH = YES;
				SDKROOT = iphoneos;
				SWIFT_ACTIVE_COMPILATION_CONDITIONS = DEBUG;
				SWIFT_OPTIMIZATION_LEVEL = "-Onone";
			};
			name = Debug;
		};
		6447A81725BCB80600D84ABA /* Release */ = {
			isa = XCBuildConfiguration;
			buildSettings = {
				ALWAYS_SEARCH_USER_PATHS = NO;
				CLANG_ANALYZER_NONNULL = YES;
				CLANG_ANALYZER_NUMBER_OBJECT_CONVERSION = YES_AGGRESSIVE;
				CLANG_CXX_LANGUAGE_STANDARD = "gnu++14";
				CLANG_CXX_LIBRARY = "libc++";
				CLANG_ENABLE_MODULES = YES;
				CLANG_ENABLE_OBJC_ARC = YES;
				CLANG_ENABLE_OBJC_WEAK = YES;
				CLANG_WARN_BLOCK_CAPTURE_AUTORELEASING = YES;
				CLANG_WARN_BOOL_CONVERSION = YES;
				CLANG_WARN_COMMA = YES;
				CLANG_WARN_CONSTANT_CONVERSION = YES;
				CLANG_WARN_DEPRECATED_OBJC_IMPLEMENTATIONS = YES;
				CLANG_WARN_DIRECT_OBJC_ISA_USAGE = YES_ERROR;
				CLANG_WARN_DOCUMENTATION_COMMENTS = YES;
				CLANG_WARN_EMPTY_BODY = YES;
				CLANG_WARN_ENUM_CONVERSION = YES;
				CLANG_WARN_INFINITE_RECURSION = YES;
				CLANG_WARN_INT_CONVERSION = YES;
				CLANG_WARN_NON_LITERAL_NULL_CONVERSION = YES;
				CLANG_WARN_OBJC_IMPLICIT_RETAIN_SELF = YES;
				CLANG_WARN_OBJC_LITERAL_CONVERSION = YES;
				CLANG_WARN_OBJC_ROOT_CLASS = YES_ERROR;
				CLANG_WARN_RANGE_LOOP_ANALYSIS = YES;
				CLANG_WARN_STRICT_PROTOTYPES = YES;
				CLANG_WARN_SUSPICIOUS_MOVE = YES;
				CLANG_WARN_UNGUARDED_AVAILABILITY = YES_AGGRESSIVE;
				CLANG_WARN_UNREACHABLE_CODE = YES;
				CLANG_WARN__DUPLICATE_METHOD_MATCH = YES;
				COPY_PHASE_STRIP = NO;
				DEBUG_INFORMATION_FORMAT = "dwarf-with-dsym";
				ENABLE_NS_ASSERTIONS = NO;
				ENABLE_STRICT_OBJC_MSGSEND = YES;
				GCC_C_LANGUAGE_STANDARD = gnu11;
				GCC_NO_COMMON_BLOCKS = YES;
				GCC_WARN_64_TO_32_BIT_CONVERSION = YES;
				GCC_WARN_ABOUT_RETURN_TYPE = YES_ERROR;
				GCC_WARN_UNDECLARED_SELECTOR = YES;
				GCC_WARN_UNINITIALIZED_AUTOS = YES_AGGRESSIVE;
				GCC_WARN_UNUSED_FUNCTION = YES;
				GCC_WARN_UNUSED_VARIABLE = YES;
				IPHONEOS_DEPLOYMENT_TARGET = 13.6;
				MTL_ENABLE_DEBUG_INFO = NO;
				MTL_FAST_MATH = YES;
				SDKROOT = iphoneos;
				SWIFT_COMPILATION_MODE = wholemodule;
				SWIFT_OPTIMIZATION_LEVEL = "-O";
				VALIDATE_PRODUCT = YES;
			};
			name = Release;
		};
		6447A81925BCB80600D84ABA /* Debug */ = {
			isa = XCBuildConfiguration;
			buildSettings = {
				ASSETCATALOG_COMPILER_APPICON_NAME = AppIcon;
				CODE_SIGN_STYLE = Automatic;
				DEVELOPMENT_ASSET_PATHS = "\"ACS/Preview Content\"";
				ENABLE_PREVIEWS = YES;
				INFOPLIST_FILE = ACS/Info.plist;
				LD_RUNPATH_SEARCH_PATHS = (
					"$(inherited)",
					"@executable_path/Frameworks",
				);
				PRODUCT_BUNDLE_IDENTIFIER = com.example.ACS;
				PRODUCT_NAME = "$(TARGET_NAME)";
				SWIFT_VERSION = 5.0;
				TARGETED_DEVICE_FAMILY = "1,2";
			};
			name = Debug;
		};
		6447A81A25BCB80600D84ABA /* Release */ = {
			isa = XCBuildConfiguration;
			buildSettings = {
				ASSETCATALOG_COMPILER_APPICON_NAME = AppIcon;
				CODE_SIGN_STYLE = Automatic;
				DEVELOPMENT_ASSET_PATHS = "\"ACS/Preview Content\"";
				ENABLE_PREVIEWS = YES;
				INFOPLIST_FILE = ACS/Info.plist;
				LD_RUNPATH_SEARCH_PATHS = (
					"$(inherited)",
					"@executable_path/Frameworks",
				);
				PRODUCT_BUNDLE_IDENTIFIER = com.example.ACS;
				PRODUCT_NAME = "$(TARGET_NAME)";
				SWIFT_VERSION = 5.0;
				TARGETED_DEVICE_FAMILY = "1,2";
			};
			name = Release;
		};
		6447A81C25BCB80600D84ABA /* Debug */ = {
			isa = XCBuildConfiguration;
			buildSettings = {
				ALWAYS_EMBED_SWIFT_STANDARD_LIBRARIES = YES;
				BUNDLE_LOADER = "$(TEST_HOST)";
				CODE_SIGN_STYLE = Automatic;
				INFOPLIST_FILE = ACSTests/Info.plist;
				IPHONEOS_DEPLOYMENT_TARGET = 13.6;
				LD_RUNPATH_SEARCH_PATHS = (
					"$(inherited)",
					"@executable_path/Frameworks",
					"@loader_path/Frameworks",
				);
				PRODUCT_BUNDLE_IDENTIFIER = com.example.ACSTests;
				PRODUCT_NAME = "$(TARGET_NAME)";
				SWIFT_VERSION = 5.0;
				TARGETED_DEVICE_FAMILY = "1,2";
				TEST_HOST = "$(BUILT_PRODUCTS_DIR)/ACS.app/ACS";
			};
			name = Debug;
		};
		6447A81D25BCB80600D84ABA /* Release */ = {
			isa = XCBuildConfiguration;
			buildSettings = {
				ALWAYS_EMBED_SWIFT_STANDARD_LIBRARIES = YES;
				BUNDLE_LOADER = "$(TEST_HOST)";
				CODE_SIGN_STYLE = Automatic;
				INFOPLIST_FILE = ACSTests/Info.plist;
				IPHONEOS_DEPLOYMENT_TARGET = 13.6;
				LD_RUNPATH_SEARCH_PATHS = (
					"$(inherited)",
					"@executable_path/Frameworks",
					"@loader_path/Frameworks",
				);
				PRODUCT_BUNDLE_IDENTIFIER = com.example.ACSTests;
				PRODUCT_NAME = "$(TARGET_NAME)";
				SWIFT_VERSION = 5.0;
				TARGETED_DEVICE_FAMILY = "1,2";
				TEST_HOST = "$(BUILT_PRODUCTS_DIR)/ACS.app/ACS";
			};
			name = Release;
		};
		6447A81F25BCB80600D84ABA /* Debug */ = {
			isa = XCBuildConfiguration;
			buildSettings = {
				ALWAYS_EMBED_SWIFT_STANDARD_LIBRARIES = YES;
				CODE_SIGN_STYLE = Automatic;
				INFOPLIST_FILE = ACSUITests/Info.plist;
				LD_RUNPATH_SEARCH_PATHS = (
					"$(inherited)",
					"@executable_path/Frameworks",
					"@loader_path/Frameworks",
				);
				PRODUCT_BUNDLE_IDENTIFIER = com.example.ACSUITests;
				PRODUCT_NAME = "$(TARGET_NAME)";
				SWIFT_VERSION = 5.0;
				TARGETED_DEVICE_FAMILY = "1,2";
				TEST_TARGET_NAME = ACS;
			};
			name = Debug;
		};
		6447A82025BCB80600D84ABA /* Release */ = {
			isa = XCBuildConfiguration;
			buildSettings = {
				ALWAYS_EMBED_SWIFT_STANDARD_LIBRARIES = YES;
				CODE_SIGN_STYLE = Automatic;
				INFOPLIST_FILE = ACSUITests/Info.plist;
				LD_RUNPATH_SEARCH_PATHS = (
					"$(inherited)",
					"@executable_path/Frameworks",
					"@loader_path/Frameworks",
				);
				PRODUCT_BUNDLE_IDENTIFIER = com.example.ACSUITests;
				PRODUCT_NAME = "$(TARGET_NAME)";
				SWIFT_VERSION = 5.0;
				TARGETED_DEVICE_FAMILY = "1,2";
				TEST_TARGET_NAME = ACS;
			};
			name = Release;
		};
/* End XCBuildConfiguration section */

/* Begin XCConfigurationList section */
		6447A7E925BCB7FF00D84ABA /* Build configuration list for PBXProject "ACS" */ = {
			isa = XCConfigurationList;
			buildConfigurations = (
				6447A81625BCB80600D84ABA /* Debug */,
				6447A81725BCB80600D84ABA /* Release */,
			);
			defaultConfigurationIsVisible = 0;
			defaultConfigurationName = Release;
		};
		6447A81825BCB80600D84ABA /* Build configuration list for PBXNativeTarget "ACS" */ = {
			isa = XCConfigurationList;
			buildConfigurations = (
				6447A81925BCB80600D84ABA /* Debug */,
				6447A81A25BCB80600D84ABA /* Release */,
			);
			defaultConfigurationIsVisible = 0;
			defaultConfigurationName = Release;
		};
		6447A81B25BCB80600D84ABA /* Build configuration list for PBXNativeTarget "ACSTests" */ = {
			isa = XCConfigurationList;
			buildConfigurations = (
				6447A81C25BCB80600D84ABA /* Debug */,
				6447A81D25BCB80600D84ABA /* Release */,
			);
			defaultConfigurationIsVisible = 0;
			defaultConfigurationName = Release;
		};
		6447A81E25BCB80600D84ABA /* Build configuration list for PBXNativeTarget "ACSUITests" */ = {
			isa = XCConfigurationList;
			buildConfigurations = (
				6447A81F25BCB80600D84ABA /* Debug */,
				6447A82025BCB80600D84ABA /* Release */,
			);
			defaultConfigurationIsVisible = 0;
			defaultConfigurationName = Release;
		};
/* End XCConfigurationList section */
	};
	rootObject = 6447A7E625BCB7FF00D84ABA /* Project object */;
}
